<?xml version="1.0" encoding="utf-8"?>
<Project ToolsVersion="4.0" xmlns="http://schemas.microsoft.com/developer/msbuild/2003">
  <ItemGroup>
    <Filter Include="Resource Files">
      <UniqueIdentifier>{67DA6AB6-F800-4c08-8B7A-83BB121AAD01}</UniqueIdentifier>
      <Extensions>rc;ico;cur;bmp;dlg;rc2;rct;bin;rgs;gif;jpg;jpeg;jpe;resx;tiff;tif;png;wav;mfcribbon-ms</Extensions>
    </Filter>
    <Filter Include="Headers">
      <UniqueIdentifier>{ac5ac688-8fb9-4421-ac13-347ef7f15889}</UniqueIdentifier>
    </Filter>
    <Filter Include="src">
      <UniqueIdentifier>{89283791-3f08-4c90-9ffd-f35a1509a06f}</UniqueIdentifier>
    </Filter>
  </ItemGroup>
  <ItemGroup>
    <ClCompile Include="stb_image.c">
      <Filter>Resource Files</Filter>
    </ClCompile>
    <ClCompile Include="main.cpp">
      <Filter>src</Filter>
    </ClCompile>
    <ClCompile Include="Display.cpp">
      <Filter>src</Filter>
    </ClCompile>
    <ClCompile Include="Mesh.cpp">
      <Filter>src</Filter>
    </ClCompile>
    <ClCompile Include="Shader.cpp">
      <Filter>src</Filter>
    </ClCompile>
    <ClCompile Include="Texture.cpp">
      <Filter>src</Filter>
    </ClCompile>
    <ClCompile Include="OutputTimer.cpp">
      <Filter>src</Filter>
    </ClCompile>
    <ClCompile Include="OBJ_Loader.cpp">
      <Filter>src</Filter>
    </ClCompile>
  </ItemGroup>
  <ItemGroup>
    <ClInclude Include="Display.h">
      <Filter>Headers</Filter>
    </ClInclude>
    <ClInclude Include="Shader.h">
      <Filter>Headers</Filter>
    </ClInclude>
    <ClInclude Include="Mesh.h">
      <Filter>Headers</Filter>
    </ClInclude>
    <ClInclude Include="stb_image.h">
      <Filter>Resource Files</Filter>
    </ClInclude>
    <ClInclude Include="Texture.h">
      <Filter>Headers</Filter>
    </ClInclude>
    <ClInclude Include="Transform.h">
      <Filter>Headers</Filter>
    </ClInclude>
    <ClInclude Include="Camera.h">
      <Filter>Headers</Filter>
    </ClInclude>
    <ClInclude Include="OutputTimer.h">
      <Filter>Headers</Filter>
    </ClInclude>
    <ClInclude Include="OBJ_Loader.h">
      <Filter>Headers</Filter>
    </ClInclude>
  </ItemGroup>
</Project>